<?xml version="1.0" encoding="utf-8"?>
<Project ToolsVersion="4.0" xmlns="http://schemas.microsoft.com/developer/msbuild/2003">
  <ItemGroup>
    <Filter Include="Common">
      <UniqueIdentifier>{5b27a32b-1960-4531-8382-e8a6ec557c30}</UniqueIdentifier>
    </Filter>
    <Filter Include="リソース">
      <UniqueIdentifier>{67DA6AB6-F800-4c08-8B7A-83BB121AAD01}</UniqueIdentifier>
      <Extensions>rc;ico;cur;bmp;dlg;rc2;rct;bin;rgs;gif;jpg;jpeg;jpe;resx;tiff;tif;png;wav;mfcribbon-ms</Extensions>
    </Filter>
  </ItemGroup>
  <ItemGroup>
    <ClInclude Include="Resource.h">
      <Filter>リソース</Filter>
    </ClInclude>
    <ClInclude Include="targetver.h" />
    <ClInclude Include="framework.h" />
    <ClInclude Include="OutProcess.h" />
    <ClInclude Include="OutProcessDialog.h" />
    <ClInclude Include="pch.h" />
    <ClInclude Include="..\Common\ObjectExplorer.h">
      <Filter>Common</Filter>
    </ClInclude>
    <ClInclude Include="..\..\Common\Gdiplus.h">
      <Filter>Common</Filter>
    </ClInclude>
    <ClInclude Include="..\..\Common\MFC.h">
      <Filter>Common</Filter>
    </ClInclude>
    <ClInclude Include="..\..\Common\MSXML.h">
      <Filter>Common</Filter>
    </ClInclude>
    <ClInclude Include="..\..\Common\Tracer.h">
      <Filter>Common</Filter>
    </ClInclude>
    <ClInclude Include="..\..\Common\Tracer2.h">
      <Filter>Common</Filter>
    </ClInclude>
    <ClInclude Include="..\..\Common\WinUtility.h">
      <Filter>Common</Filter>
    </ClInclude>
    <ClInclude Include="..\..\Common\FileUpdateChecker.h">
      <Filter>Common</Filter>
    </ClInclude>
  </ItemGroup>
  <ItemGroup>
    <ClCompile Include="pch.cpp" />
    <ClCompile Include="OutProcess.cpp" />
    <ClCompile Include="OutProcessDialog.cpp" />
  </ItemGroup>
  <ItemGroup>
    <ResourceCompile Include="OutProcess.rc">
      <Filter>リソース</Filter>
    </ResourceCompile>
  </ItemGroup>
  <ItemGroup>
    <Image Include="res\OutProcess.ico">
      <Filter>リソース</Filter>
    </Image>
    <Image Include="OutProcess.ico">
      <Filter>リソース</Filter>
    </Image>
  </ItemGroup>
</Project>